
Microsoft Visual Studio Solution File, Format Version 11.00
# Visual Studio 2010
Project("{FAE04EC0-301F-11D3-BF4B-00C04F79EFBC}") = "MeterMaid", "MeterMaid\MeterMaid.csproj", "{55259904-12F0-4D3E-B115-4DBF890D0400}"
EndProject
Global
	GlobalSection(SolutionConfigurationPlatforms) = preSolution
		Debug|Any CPU = Debug|Any CPU
		Release|Any CPU = Release|Any CPU
	EndGlobalSection
	GlobalSection(ProjectConfigurationPlatforms) = postSolution
		{55259904-12F0-4D3E-B115-4DBF890D0400}.Debug|Any CPU.ActiveCfg = Debug|Any CPU
		{55259904-12F0-4D3E-B115-4DBF890D0400}.Debug|Any CPU.Build.0 = Debug|Any CPU
		{55259904-12F0-4D3E-B115-4DBF890D0400}.Release|Any CPU.ActiveCfg = Release|Any CPU
		{55259904-12F0-4D3E-B115-4DBF890D0400}.Release|Any CPU.Build.0 = Release|Any CPU
	EndGlobalSection
	GlobalSection(SolutionProperties) = preSolution
		HideSolutionNode = FALSE
	EndGlobalSection
EndGlobal
